
Microsoft Visual Studio Solution File, Format Version 12.00
# Visual Studio Version 16
VisualStudioVersion = 16.0.29728.190
MinimumVisualStudioVersion = 10.0.40219.1
Project("{FAE04EC0-301F-11D3-BF4B-00C04F79EFBC}") = "Oficina", "Oficina\Oficina.csproj", "{2D1C2B44-92AE-4AF6-A5E9-D9210195C387}"
EndProject
Global
	GlobalSection(SolutionConfigurationPlatforms) = preSolution
		Debug|Any CPU = Debug|Any CPU
		Release|Any CPU = Release|Any CPU
	EndGlobalSection
	GlobalSection(ProjectConfigurationPlatforms) = postSolution
		{2D1C2B44-92AE-4AF6-A5E9-D9210195C387}.Debug|Any CPU.ActiveCfg = Debug|Any CPU
		{2D1C2B44-92AE-4AF6-A5E9-D9210195C387}.Debug|Any CPU.Build.0 = Debug|Any CPU
		{2D1C2B44-92AE-4AF6-A5E9-D9210195C387}.Release|Any CPU.ActiveCfg = Release|Any CPU
		{2D1C2B44-92AE-4AF6-A5E9-D9210195C387}.Release|Any CPU.Build.0 = Release|Any CPU
	EndGlobalSection
	GlobalSection(SolutionProperties) = preSolution
		HideSolutionNode = FALSE
	EndGlobalSection
	GlobalSection(ExtensibilityGlobals) = postSolution
		SolutionGuid = {C8BF4C92-4F5E-4DA0-872E-9A4D19F7745E}
	EndGlobalSection
EndGlobal
